{
  "name": "anghkooey-fsrs-parity-generator",
  "version": "1.0.0",
  "lockfileVersion": 3,
  "requires": true,
  "packages": {
    "": {
      "name": "anghkooey-fsrs-parity-generator",
      "version": "1.0.0",
      "dependencies": {
        "ts-fsrs": "5.4.0"
      }
    },
    "node_modules/ts-fsrs": {
      "version": "5.4.0",
      "resolved": "https://registry.npmjs.org/ts-fsrs/-/ts-fsrs-5.4.0.tgz",
      "integrity": "sha512-Gjr6vcUSdqOvrV6M9t/idbBlRAFsvpjUuVWrVwzV8fTMJzOc0FDCt9UfqGMBmYNUx8pnRRM8JaOtd/odvKFiOA==",
      "license": "MIT",
      "engines": {
        "node": ">=20.0.0"
      }
    }
  }
}
