// !$*UTF8*$!
{
	archiveVersion = 1;
	classes = {
	};
	objectVersion = 77;
	objects = {

/* Begin PBXBuildFile section */
		14E38B10D19724BE8F36280F /* SyncPreference.swift in Sources */ = {isa = PBXBuildFile; fileRef = 2542710C06ECE7EB817FF4F8 /* SyncPreference.swift */; };
		1AF0E3AEA54D4E9C01AFAA11 /* SchemaMigrationV4Tests.swift in Sources */ = {isa = PBXBuildFile; fileRef = DDAD0965A49F13A5EF35F4A5 /* SchemaMigrationV4Tests.swift */; };
		1C5681F0A24B3964F71E900E /* FreezeControllerTests.swift in Sources */ = {isa = PBXBuildFile; fileRef = BAD05419FDB54EF847E4F217 /* FreezeControllerTests.swift */; };
		23EB4719C6CDE2DF3A10FDB7 /* MetricsReceiver.swift in Sources */ = {isa = PBXBuildFile; fileRef = DC86FF464394DC7B8C2BA50D /* MetricsReceiver.swift */; };
		258EF0D8985B6D4FF200A34B /* MetricsReceiverTests.swift in Sources */ = {isa = PBXBuildFile; fileRef = 6170637242A7E485A643F715 /* MetricsReceiverTests.swift */; };
		271C36775D979860DD5D761D /* AnghkooeyWidgetBundle.swift in Sources */ = {isa = PBXBuildFile; fileRef = 2343F02E0386139B64E683EC /* AnghkooeyWidgetBundle.swift */; };
		30F70F1868CFA5B3723D6D5D /* ReviewSummaryTests.swift in Sources */ = {isa = PBXBuildFile; fileRef = 098929DFADC2F309404636D8 /* ReviewSummaryTests.swift */; };
		3C69A02A96CDAEB8DFFB0534 /* CardReviewSheet.swift in Sources */ = {isa = PBXBuildFile; fileRef = 7E8F3B74ABF8A6FBD7019DB2 /* CardReviewSheet.swift */; };
		426F8924560522E6031726D1 /* CardStoreClozeTests.swift in Sources */ = {isa = PBXBuildFile; fileRef = FBC479484E0ACC6EC3640D8E /* CardStoreClozeTests.swift */; };
		46A0E6A0C20AE8578112E927 /* AnghkooeyApp.swift in Sources */ = {isa = PBXBuildFile; fileRef = 6303924A04882FA4C900557B /* AnghkooeyApp.swift */; };
		46CF96E3D6C8E753CC8709E7 /* OptimizeScheduleViewModelTests.swift in Sources */ = {isa = PBXBuildFile; fileRef = EE55FD389C55FB68C24AD481 /* OptimizeScheduleViewModelTests.swift */; };
		4931BB4B44A1D49822A5597C /* ReviewTapLatencyTests.swift in Sources */ = {isa = PBXBuildFile; fileRef = 8C501104D1E6F49E2BFB6FE8 /* ReviewTapLatencyTests.swift */; };
		534957707953452019E7B473 /* AppStateAcceptDraftReentrancyTests.swift in Sources */ = {isa = PBXBuildFile; fileRef = F0DDC8B39008FDCA90A927FF /* AppStateAcceptDraftReentrancyTests.swift */; };
		582792F95044259D37BC944E /* CloudKitV5SchemaTests.swift in Sources */ = {isa = PBXBuildFile; fileRef = 5B5DEC5926D8513370FD52E5 /* CloudKitV5SchemaTests.swift */; };
		5DAF33FB9439E111699C5B6D /* AnghkooeyCore in Frameworks */ = {isa = PBXBuildFile; productRef = DE9B9BE76EB0B805AB5D80E9 /* AnghkooeyCore */; };
		65C5300478257265174ECB34 /* AnghkooeyUI in Frameworks */ = {isa = PBXBuildFile; productRef = 35F7FD1699C5DB4B94EEF7ED /* AnghkooeyUI */; };
		6F80EBA5F85241C073340591 /* AppStateSchedulerResolutionTests.swift in Sources */ = {isa = PBXBuildFile; fileRef = 39CCA16F4B517A6BB52C02BA /* AppStateSchedulerResolutionTests.swift */; };
		78E69706CA93AED6A66F5C13 /* Assets.xcassets in Resources */ = {isa = PBXBuildFile; fileRef = 9B639EF8A56B01C269368504 /* Assets.xcassets */; };
		79C6AA877BE2A5BCD1BC8E7B /* CardStoreImportTests.swift in Sources */ = {isa = PBXBuildFile; fileRef = E20946A67B7AE6E86392427A /* CardStoreImportTests.swift */; };
		8047F56DEDEDE4CC45B33655 /* AddToAnghkooeyIntent.swift in Sources */ = {isa = PBXBuildFile; fileRef = C92BD2E303E0D0DE839C3B7E /* AddToAnghkooeyIntent.swift */; };
		838F434C0E47994FB38A3774 /* ReviewSessionMnemonicTests.swift in Sources */ = {isa = PBXBuildFile; fileRef = DFF0371E042B2726F73268FF /* ReviewSessionMnemonicTests.swift */; };
		8511152EC0636AF534E6B001 /* CaptureAvailabilityModelTests.swift in Sources */ = {isa = PBXBuildFile; fileRef = DD989AFACC372F9FA57EA7CD /* CaptureAvailabilityModelTests.swift */; };
		90186F0B4C28883634834192 /* AnghkooeyWidget.appex in Embed Foundation Extensions */ = {isa = PBXBuildFile; fileRef = 5F576AE7AD31EBF6528DAC56 /* AnghkooeyWidget.appex */; settings = {ATTRIBUTES = (RemoveHeadersOnCopy, ); }; };
		93480E87954897996FA51298 /* WidgetGradeReconciler.swift in Sources */ = {isa = PBXBuildFile; fileRef = 05AE6CEC6D1FBAFFB4F9F656 /* WidgetGradeReconciler.swift */; };
		96D8AC0388731C94B07D0E6C /* OnboardingStateTests.swift in Sources */ = {isa = PBXBuildFile; fileRef = A7824101312322569BB97A90 /* OnboardingStateTests.swift */; };
		9929F859D0205BD04EFE66EE /* SampleDeckLoader.swift in Sources */ = {isa = PBXBuildFile; fileRef = 241E47E7AFE127CC9C25C010 /* SampleDeckLoader.swift */; };
		9E7D95BB2127525A1D3BD776 /* AddToAnghkooeyIntentTests.swift in Sources */ = {isa = PBXBuildFile; fileRef = 912B355EF6B2C114C9EC763F /* AddToAnghkooeyIntentTests.swift */; };
		A05524AC1F7FA8D8F1C2D24D /* GradeCardIntent.swift in Sources */ = {isa = PBXBuildFile; fileRef = 58DC8A89BB756CFDD147D74E /* GradeCardIntent.swift */; };
		A1161DD57B95A46494E6EEFA /* AnkiImporterTests.swift in Sources */ = {isa = PBXBuildFile; fileRef = 2AD794AD57F5F37BC67AAB49 /* AnkiImporterTests.swift */; };
		A7AE1592FEEDA52EA1AD8284 /* AnghkooeyShare.appex in Embed Foundation Extensions */ = {isa = PBXBuildFile; fileRef = 0A037B8F43852214FC842CDF /* AnghkooeyShare.appex */; settings = {ATTRIBUTES = (RemoveHeadersOnCopy, ); }; };
		AB63CCDA634F0E31C168A19F /* AppStateDrainFailureTests.swift in Sources */ = {isa = PBXBuildFile; fileRef = A29C77305009D977257A4E20 /* AppStateDrainFailureTests.swift */; };
		ABB53006BD7A54F597BA4FAE /* sample.apkg in Resources */ = {isa = PBXBuildFile; fileRef = 1984AFE61E092F2A64C6836E /* sample.apkg */; };
		AC1CC218B942A34870454134 /* RevealAnswerIntent.swift in Sources */ = {isa = PBXBuildFile; fileRef = 702F9E7DF6D3A5F7A39669E3 /* RevealAnswerIntent.swift */; };
		AE10CC0370F7C76BD262A2C7 /* AnkiPackageParserTests.swift in Sources */ = {isa = PBXBuildFile; fileRef = C32F9A6C7C0C292DE3ED8B1C /* AnkiPackageParserTests.swift */; };
		AE2B092616BDC257E899D84C /* ShareViewController.swift in Sources */ = {isa = PBXBuildFile; fileRef = 5A6AE21F57389F2FA533F696 /* ShareViewController.swift */; };
		B71A844C40D8B76ECB73A314 /* AppStateDrainReentrancyTests.swift in Sources */ = {isa = PBXBuildFile; fileRef = 22470C888EF39AFFE55D4704 /* AppStateDrainReentrancyTests.swift */; };
		BB5809147A8AC7D33F6E8A41 /* AnghkooeyCore in Frameworks */ = {isa = PBXBuildFile; productRef = 6050CC9AE2B0A888BBACD0E2 /* AnghkooeyCore */; };
		BD158D82F31B74D299DF85F8 /* ContentView.swift in Sources */ = {isa = PBXBuildFile; fileRef = 80E3ED969F4ECE89B0A25E87 /* ContentView.swift */; };
		C6CE3B6A74FF27E6CCA0C154 /* AnkiNoteMapperTests.swift in Sources */ = {isa = PBXBuildFile; fileRef = 9649E9840BC5BA0D460B7FAA /* AnkiNoteMapperTests.swift */; };
		C6E53CFF60B17F8A49163A0C /* SchemaMigrationV5Tests.swift in Sources */ = {isa = PBXBuildFile; fileRef = 3444A07A3C879498B6BFA02D /* SchemaMigrationV5Tests.swift */; };
		CF23B824F937A853DF4C5C24 /* ClozeMarkupParserTests.swift in Sources */ = {isa = PBXBuildFile; fileRef = 10541EABA7F5E2AF4A8A0343 /* ClozeMarkupParserTests.swift */; };
		D1F38339D375EA3DC2616DAF /* HTMLSanitizerTests.swift in Sources */ = {isa = PBXBuildFile; fileRef = EDF6E399E89202CEDB2D18F8 /* HTMLSanitizerTests.swift */; };
		D2FD61D83BB17F47EEFAB1CA /* AppStateAcceptDraftOrderingTests.swift in Sources */ = {isa = PBXBuildFile; fileRef = E0230E7868C5AFE5CB3D8E4D /* AppStateAcceptDraftOrderingTests.swift */; };
		D3617197E24653996EEF5832 /* SettingsView.swift in Sources */ = {isa = PBXBuildFile; fileRef = 473B3A4650CFC7C87202D922 /* SettingsView.swift */; };
		D4C6DC87B925B0639F76684A /* FreezeController.swift in Sources */ = {isa = PBXBuildFile; fileRef = 5BC74FCA67847F9D7EE391AA /* FreezeController.swift */; };
		D6002CEE061540D958B46B78 /* AppState.swift in Sources */ = {isa = PBXBuildFile; fileRef = 55F0F922386EE72B02D5FC3F /* AppState.swift */; };
		D65B97A8CF3D2E004B70EA7B /* GradeReconciliationTests.swift in Sources */ = {isa = PBXBuildFile; fileRef = A4CD4A2A610E1C7AE3424E2A /* GradeReconciliationTests.swift */; };
		DB48AB8C3856896254B95C8D /* ClozeAuthoringViewModelTests.swift in Sources */ = {isa = PBXBuildFile; fileRef = B4CBB6D0B458BB4BDC4157BC /* ClozeAuthoringViewModelTests.swift */; };
		DEEF868DF6F4C88CCE3C7571 /* ClipboardBanner.swift in Sources */ = {isa = PBXBuildFile; fileRef = BA7D84144C067F4521BC0B97 /* ClipboardBanner.swift */; };
		EA01604E660F4F05E86D4778 /* AppStateEnqueueTests.swift in Sources */ = {isa = PBXBuildFile; fileRef = DC510E7B9D8F52E50E4CCED4 /* AppStateEnqueueTests.swift */; };
		EADEF92E162B7F8F3E6DAB3E /* CardStoreOptimizationLogsTests.swift in Sources */ = {isa = PBXBuildFile; fileRef = 6C67C61252A7F1C1BA1A218C /* CardStoreOptimizationLogsTests.swift */; };
		F0B8CFE921BE7F3C4C57296E /* ClozeAuthoringServiceTests.swift in Sources */ = {isa = PBXBuildFile; fileRef = B0CC79B996E9B8B2CF2DFC0D /* ClozeAuthoringServiceTests.swift */; };
		F0E1C867C58E5B0E8205FA7F /* ClipboardCaptureCoordinator.swift in Sources */ = {isa = PBXBuildFile; fileRef = 5ED5054838A0E774E245236E /* ClipboardCaptureCoordinator.swift */; };
		F0E87B0A2F24884D3B34774F /* SampleDeck.json in Resources */ = {isa = PBXBuildFile; fileRef = 94ECF49B9F9606DF76117048 /* SampleDeck.json */; };
		F88D6E0D28AF1F5D1AE54C09 /* CardEditorViewModelTests.swift in Sources */ = {isa = PBXBuildFile; fileRef = AF967AABBA8A21CF6FB14323 /* CardEditorViewModelTests.swift */; };
		FC26B2EE4475B376727E2BE2 /* AnghkooeyShortcuts.swift in Sources */ = {isa = PBXBuildFile; fileRef = 68C7356437F150F3733DF0DD /* AnghkooeyShortcuts.swift */; };
		FCB6CFEC88A0183CD60308F3 /* ClipboardCaptureCoordinatorTests.swift in Sources */ = {isa = PBXBuildFile; fileRef = A052FDB039D5DFD8BACF02A7 /* ClipboardCaptureCoordinatorTests.swift */; };
		FDF325F944338D0740DF00A4 /* SampleDeckLoaderTests.swift in Sources */ = {isa = PBXBuildFile; fileRef = EC6349552502A3CC38E013D2 /* SampleDeckLoaderTests.swift */; };
		AA000001000000000000BB01 /* PrivacyInfo.xcprivacy in Resources */ = {isa = PBXBuildFile; fileRef = AA000001000000000000AA01 /* PrivacyInfo.xcprivacy */; };
		AA000001000000000000BB02 /* PrivacyInfo.xcprivacy in Resources */ = {isa = PBXBuildFile; fileRef = AA000001000000000000AA02 /* PrivacyInfo.xcprivacy */; };
		AA000001000000000000BB03 /* PrivacyInfo.xcprivacy in Resources */ = {isa = PBXBuildFile; fileRef = AA000001000000000000AA03 /* PrivacyInfo.xcprivacy */; };
/* End PBXBuildFile section */

/* Begin PBXContainerItemProxy section */
		5E4306B26091E4AF36AF970E /* PBXContainerItemProxy */ = {
			isa = PBXContainerItemProxy;
			containerPortal = 94D568656132B33BBE87E20A /* Project object */;
			proxyType = 1;
			remoteGlobalIDString = 7F720F6F21CF5127D7884289;
			remoteInfo = AnghkooeyShare;
		};
		CE07B3EF80BBE3C83EA929A5 /* PBXContainerItemProxy */ = {
			isa = PBXContainerItemProxy;
			containerPortal = 94D568656132B33BBE87E20A /* Project object */;
			proxyType = 1;
			remoteGlobalIDString = 02F92088487C152845F92C84;
			remoteInfo = Anghkooey;
		};
		E3E9CAC090465783BA7AEF05 /* PBXContainerItemProxy */ = {
			isa = PBXContainerItemProxy;
			containerPortal = 94D568656132B33BBE87E20A /* Project object */;
			proxyType = 1;
			remoteGlobalIDString = 5590F6898AB2844890005CC7;
			remoteInfo = AnghkooeyWidget;
		};
/* End PBXContainerItemProxy section */

/* Begin PBXCopyFilesBuildPhase section */
		C101D8F13C1F879865AD4379 /* Embed Foundation Extensions */ = {
			isa = PBXCopyFilesBuildPhase;
			buildActionMask = 2147483647;
			dstPath = "";
			dstSubfolderSpec = 13;
			files = (
				A7AE1592FEEDA52EA1AD8284 /* AnghkooeyShare.appex in Embed Foundation Extensions */,
				90186F0B4C28883634834192 /* AnghkooeyWidget.appex in Embed Foundation Extensions */,
			);
			name = "Embed Foundation Extensions";
			runOnlyForDeploymentPostprocessing = 0;
		};
/* End PBXCopyFilesBuildPhase section */

/* Begin PBXFileReference section */
		039A95E01BFF83BC28BA6F22 /* AnghkooeyIntelligence */ = {isa = PBXFileReference; lastKnownFileType = folder; name = AnghkooeyIntelligence; path = ../Packages/AnghkooeyIntelligence; sourceTree = SOURCE_ROOT; };
		03D1365FE0607DDE7DDF97F8 /* AnghkooeyTests.xctest */ = {isa = PBXFileReference; includeInIndex = 0; lastKnownFileType = wrapper.cfbundle; path = AnghkooeyTests.xctest; sourceTree = BUILT_PRODUCTS_DIR; };
		05AE6CEC6D1FBAFFB4F9F656 /* WidgetGradeReconciler.swift */ = {isa = PBXFileReference; lastKnownFileType = sourcecode.swift; path = WidgetGradeReconciler.swift; sourceTree = "<group>"; };
		071F54EC6FF668936C218728 /* AnghkooeyCore */ = {isa = PBXFileReference; lastKnownFileType = folder; name = AnghkooeyCore; path = ../Packages/AnghkooeyCore; sourceTree = SOURCE_ROOT; };
		098929DFADC2F309404636D8 /* ReviewSummaryTests.swift */ = {isa = PBXFileReference; lastKnownFileType = sourcecode.swift; path = ReviewSummaryTests.swift; sourceTree = "<group>"; };
		098D0C5450147DE402DC643A /* AnghkooeyWidget.entitlements */ = {isa = PBXFileReference; lastKnownFileType = text.plist.entitlements; path = AnghkooeyWidget.entitlements; sourceTree = "<group>"; };
		0A037B8F43852214FC842CDF /* AnghkooeyShare.appex */ = {isa = PBXFileReference; includeInIndex = 0; lastKnownFileType = "wrapper.app-extension"; path = AnghkooeyShare.appex; sourceTree = BUILT_PRODUCTS_DIR; };
		10541EABA7F5E2AF4A8A0343 /* ClozeMarkupParserTests.swift */ = {isa = PBXFileReference; lastKnownFileType = sourcecode.swift; path = ClozeMarkupParserTests.swift; sourceTree = "<group>"; };
		1984AFE61E092F2A64C6836E /* sample.apkg */ = {isa = PBXFileReference; path = sample.apkg; sourceTree = "<group>"; };
		1CD36BC6DD0A3A1B128803A5 /* AnghkooeyWidget-Info.plist */ = {isa = PBXFileReference; lastKnownFileType = text.plist; path = "AnghkooeyWidget-Info.plist"; sourceTree = "<group>"; };
		22470C888EF39AFFE55D4704 /* AppStateDrainReentrancyTests.swift */ = {isa = PBXFileReference; lastKnownFileType = sourcecode.swift; path = AppStateDrainReentrancyTests.swift; sourceTree = "<group>"; };
		2343F02E0386139B64E683EC /* AnghkooeyWidgetBundle.swift */ = {isa = PBXFileReference; lastKnownFileType = sourcecode.swift; path = AnghkooeyWidgetBundle.swift; sourceTree = "<group>"; };
		241E47E7AFE127CC9C25C010 /* SampleDeckLoader.swift */ = {isa = PBXFileReference; lastKnownFileType = sourcecode.swift; path = SampleDeckLoader.swift; sourceTree = "<group>"; };
		2542710C06ECE7EB817FF4F8 /* SyncPreference.swift */ = {isa = PBXFileReference; lastKnownFileType = sourcecode.swift; path = SyncPreference.swift; sourceTree = "<group>"; };
		2AD794AD57F5F37BC67AAB49 /* AnkiImporterTests.swift */ = {isa = PBXFileReference; lastKnownFileType = sourcecode.swift; path = AnkiImporterTests.swift; sourceTree = "<group>"; };
		3444A07A3C879498B6BFA02D /* SchemaMigrationV5Tests.swift */ = {isa = PBXFileReference; lastKnownFileType = sourcecode.swift; path = SchemaMigrationV5Tests.swift; sourceTree = "<group>"; };
		38C6ACE64A8A251828C7F175 /* Info.plist */ = {isa = PBXFileReference; lastKnownFileType = text.plist; path = Info.plist; sourceTree = "<group>"; };
		39CCA16F4B517A6BB52C02BA /* AppStateSchedulerResolutionTests.swift */ = {isa = PBXFileReference; lastKnownFileType = sourcecode.swift; path = AppStateSchedulerResolutionTests.swift; sourceTree = "<group>"; };
		473B3A4650CFC7C87202D922 /* SettingsView.swift */ = {isa = PBXFileReference; lastKnownFileType = sourcecode.swift; path = SettingsView.swift; sourceTree = "<group>"; };
		55F0F922386EE72B02D5FC3F /* AppState.swift */ = {isa = PBXFileReference; lastKnownFileType = sourcecode.swift; path = AppState.swift; sourceTree = "<group>"; };
		58DC8A89BB756CFDD147D74E /* GradeCardIntent.swift */ = {isa = PBXFileReference; lastKnownFileType = sourcecode.swift; path = GradeCardIntent.swift; sourceTree = "<group>"; };
		5A6AE21F57389F2FA533F696 /* ShareViewController.swift */ = {isa = PBXFileReference; lastKnownFileType = sourcecode.swift; path = ShareViewController.swift; sourceTree = "<group>"; };
		5B5DEC5926D8513370FD52E5 /* CloudKitV5SchemaTests.swift */ = {isa = PBXFileReference; lastKnownFileType = sourcecode.swift; path = CloudKitV5SchemaTests.swift; sourceTree = "<group>"; };
		5BC74FCA67847F9D7EE391AA /* FreezeController.swift */ = {isa = PBXFileReference; lastKnownFileType = sourcecode.swift; path = FreezeController.swift; sourceTree = "<group>"; };
		5ED5054838A0E774E245236E /* ClipboardCaptureCoordinator.swift */ = {isa = PBXFileReference; lastKnownFileType = sourcecode.swift; path = ClipboardCaptureCoordinator.swift; sourceTree = "<group>"; };
		5F576AE7AD31EBF6528DAC56 /* AnghkooeyWidget.appex */ = {isa = PBXFileReference; includeInIndex = 0; lastKnownFileType = "wrapper.app-extension"; path = AnghkooeyWidget.appex; sourceTree = BUILT_PRODUCTS_DIR; };
		6170637242A7E485A643F715 /* MetricsReceiverTests.swift */ = {isa = PBXFileReference; lastKnownFileType = sourcecode.swift; path = MetricsReceiverTests.swift; sourceTree = "<group>"; };
		6303924A04882FA4C900557B /* AnghkooeyApp.swift */ = {isa = PBXFileReference; lastKnownFileType = sourcecode.swift; path = AnghkooeyApp.swift; sourceTree = "<group>"; };
		68C7356437F150F3733DF0DD /* AnghkooeyShortcuts.swift */ = {isa = PBXFileReference; lastKnownFileType = sourcecode.swift; path = AnghkooeyShortcuts.swift; sourceTree = "<group>"; };
		6C67C61252A7F1C1BA1A218C /* CardStoreOptimizationLogsTests.swift */ = {isa = PBXFileReference; lastKnownFileType = sourcecode.swift; path = CardStoreOptimizationLogsTests.swift; sourceTree = "<group>"; };
		702F9E7DF6D3A5F7A39669E3 /* RevealAnswerIntent.swift */ = {isa = PBXFileReference; lastKnownFileType = sourcecode.swift; path = RevealAnswerIntent.swift; sourceTree = "<group>"; };
		712E1AED1C075F0AAC8CF0CA /* AnghkooeyShare-Info.plist */ = {isa = PBXFileReference; lastKnownFileType = text.plist; path = "AnghkooeyShare-Info.plist"; sourceTree = "<group>"; };
		718E27D7320553CBB6BCA62A /* AnghkooeyShare.entitlements */ = {isa = PBXFileReference; lastKnownFileType = text.plist.entitlements; path = AnghkooeyShare.entitlements; sourceTree = "<group>"; };
		7E8F3B74ABF8A6FBD7019DB2 /* CardReviewSheet.swift */ = {isa = PBXFileReference; lastKnownFileType = sourcecode.swift; path = CardReviewSheet.swift; sourceTree = "<group>"; };
		80E3ED969F4ECE89B0A25E87 /* ContentView.swift */ = {isa = PBXFileReference; lastKnownFileType = sourcecode.swift; path = ContentView.swift; sourceTree = "<group>"; };
		83CE7E31BDF48A8B35196DB6 /* AnghkooeyUI */ = {isa = PBXFileReference; lastKnownFileType = folder; name = AnghkooeyUI; path = ../Packages/AnghkooeyUI; sourceTree = SOURCE_ROOT; };
		8C501104D1E6F49E2BFB6FE8 /* ReviewTapLatencyTests.swift */ = {isa = PBXFileReference; lastKnownFileType = sourcecode.swift; path = ReviewTapLatencyTests.swift; sourceTree = "<group>"; };
		912B355EF6B2C114C9EC763F /* AddToAnghkooeyIntentTests.swift */ = {isa = PBXFileReference; lastKnownFileType = sourcecode.swift; path = AddToAnghkooeyIntentTests.swift; sourceTree = "<group>"; };
		94ECF49B9F9606DF76117048 /* SampleDeck.json */ = {isa = PBXFileReference; lastKnownFileType = text.json; path = SampleDeck.json; sourceTree = "<group>"; };
		9649E9840BC5BA0D460B7FAA /* AnkiNoteMapperTests.swift */ = {isa = PBXFileReference; lastKnownFileType = sourcecode.swift; path = AnkiNoteMapperTests.swift; sourceTree = "<group>"; };
		9B639EF8A56B01C269368504 /* Assets.xcassets */ = {isa = PBXFileReference; lastKnownFileType = folder.assetcatalog; path = Assets.xcassets; sourceTree = "<group>"; };
		A052FDB039D5DFD8BACF02A7 /* ClipboardCaptureCoordinatorTests.swift */ = {isa = PBXFileReference; lastKnownFileType = sourcecode.swift; path = ClipboardCaptureCoordinatorTests.swift; sourceTree = "<group>"; };
		A29C77305009D977257A4E20 /* AppStateDrainFailureTests.swift */ = {isa = PBXFileReference; lastKnownFileType = sourcecode.swift; path = AppStateDrainFailureTests.swift; sourceTree = "<group>"; };
		A35276B7D331FB0334E9C818 /* Anghkooey.entitlements */ = {isa = PBXFileReference; lastKnownFileType = text.plist.entitlements; path = Anghkooey.entitlements; sourceTree = "<group>"; };
		A4CD4A2A610E1C7AE3424E2A /* GradeReconciliationTests.swift */ = {isa = PBXFileReference; lastKnownFileType = sourcecode.swift; path = GradeReconciliationTests.swift; sourceTree = "<group>"; };
		A7824101312322569BB97A90 /* OnboardingStateTests.swift */ = {isa = PBXFileReference; lastKnownFileType = sourcecode.swift; path = OnboardingStateTests.swift; sourceTree = "<group>"; };
		AF967AABBA8A21CF6FB14323 /* CardEditorViewModelTests.swift */ = {isa = PBXFileReference; lastKnownFileType = sourcecode.swift; path = CardEditorViewModelTests.swift; sourceTree = "<group>"; };
		B0CC79B996E9B8B2CF2DFC0D /* ClozeAuthoringServiceTests.swift */ = {isa = PBXFileReference; lastKnownFileType = sourcecode.swift; path = ClozeAuthoringServiceTests.swift; sourceTree = "<group>"; };
		B4CBB6D0B458BB4BDC4157BC /* ClozeAuthoringViewModelTests.swift */ = {isa = PBXFileReference; lastKnownFileType = sourcecode.swift; path = ClozeAuthoringViewModelTests.swift; sourceTree = "<group>"; };
		BA7D84144C067F4521BC0B97 /* ClipboardBanner.swift */ = {isa = PBXFileReference; lastKnownFileType = sourcecode.swift; path = ClipboardBanner.swift; sourceTree = "<group>"; };
		BAD05419FDB54EF847E4F217 /* FreezeControllerTests.swift */ = {isa = PBXFileReference; lastKnownFileType = sourcecode.swift; path = FreezeControllerTests.swift; sourceTree = "<group>"; };
		C32F9A6C7C0C292DE3ED8B1C /* AnkiPackageParserTests.swift */ = {isa = PBXFileReference; lastKnownFileType = sourcecode.swift; path = AnkiPackageParserTests.swift; sourceTree = "<group>"; };
		C92BD2E303E0D0DE839C3B7E /* AddToAnghkooeyIntent.swift */ = {isa = PBXFileReference; lastKnownFileType = sourcecode.swift; path = AddToAnghkooeyIntent.swift; sourceTree = "<group>"; };
		DC510E7B9D8F52E50E4CCED4 /* AppStateEnqueueTests.swift */ = {isa = PBXFileReference; lastKnownFileType = sourcecode.swift; path = AppStateEnqueueTests.swift; sourceTree = "<group>"; };
		DC86FF464394DC7B8C2BA50D /* MetricsReceiver.swift */ = {isa = PBXFileReference; lastKnownFileType = sourcecode.swift; path = MetricsReceiver.swift; sourceTree = "<group>"; };
		DD989AFACC372F9FA57EA7CD /* CaptureAvailabilityModelTests.swift */ = {isa = PBXFileReference; lastKnownFileType = sourcecode.swift; path = CaptureAvailabilityModelTests.swift; sourceTree = "<group>"; };
		DDAD0965A49F13A5EF35F4A5 /* SchemaMigrationV4Tests.swift */ = {isa = PBXFileReference; lastKnownFileType = sourcecode.swift; path = SchemaMigrationV4Tests.swift; sourceTree = "<group>"; };
		DFF0371E042B2726F73268FF /* ReviewSessionMnemonicTests.swift */ = {isa = PBXFileReference; lastKnownFileType = sourcecode.swift; path = ReviewSessionMnemonicTests.swift; sourceTree = "<group>"; };
		E0230E7868C5AFE5CB3D8E4D /* AppStateAcceptDraftOrderingTests.swift */ = {isa = PBXFileReference; lastKnownFileType = sourcecode.swift; path = AppStateAcceptDraftOrderingTests.swift; sourceTree = "<group>"; };
		E20946A67B7AE6E86392427A /* CardStoreImportTests.swift */ = {isa = PBXFileReference; lastKnownFileType = sourcecode.swift; path = CardStoreImportTests.swift; sourceTree = "<group>"; };
		EA63E5FA330602579BBE4E25 /* Anghkooey.app */ = {isa = PBXFileReference; includeInIndex = 0; lastKnownFileType = wrapper.application; path = Anghkooey.app; sourceTree = BUILT_PRODUCTS_DIR; };
		EC6349552502A3CC38E013D2 /* SampleDeckLoaderTests.swift */ = {isa = PBXFileReference; lastKnownFileType = sourcecode.swift; path = SampleDeckLoaderTests.swift; sourceTree = "<group>"; };
		EDF6E399E89202CEDB2D18F8 /* HTMLSanitizerTests.swift */ = {isa = PBXFileReference; lastKnownFileType = sourcecode.swift; path = HTMLSanitizerTests.swift; sourceTree = "<group>"; };
		EE55FD389C55FB68C24AD481 /* OptimizeScheduleViewModelTests.swift */ = {isa = PBXFileReference; lastKnownFileType = sourcecode.swift; path = OptimizeScheduleViewModelTests.swift; sourceTree = "<group>"; };
		F0DDC8B39008FDCA90A927FF /* AppStateAcceptDraftReentrancyTests.swift */ = {isa = PBXFileReference; lastKnownFileType = sourcecode.swift; path = AppStateAcceptDraftReentrancyTests.swift; sourceTree = "<group>"; };
		FBC479484E0ACC6EC3640D8E /* CardStoreClozeTests.swift */ = {isa = PBXFileReference; lastKnownFileType = sourcecode.swift; path = CardStoreClozeTests.swift; sourceTree = "<group>"; };
		AA000001000000000000AA01 /* PrivacyInfo.xcprivacy */ = {isa = PBXFileReference; lastKnownFileType = text.xml; path = PrivacyInfo.xcprivacy; sourceTree = "<group>"; };
		AA000001000000000000AA02 /* PrivacyInfo.xcprivacy */ = {isa = PBXFileReference; lastKnownFileType = text.xml; path = PrivacyInfo.xcprivacy; sourceTree = "<group>"; };
		AA000001000000000000AA03 /* PrivacyInfo.xcprivacy */ = {isa = PBXFileReference; lastKnownFileType = text.xml; path = PrivacyInfo.xcprivacy; sourceTree = "<group>"; };
/* End PBXFileReference section */

/* Begin PBXFrameworksBuildPhase section */
		ECD9F8F6385B28F86CD116B5 /* Frameworks */ = {
			isa = PBXFrameworksBuildPhase;
			buildActionMask = 2147483647;
			files = (
				BB5809147A8AC7D33F6E8A41 /* AnghkooeyCore in Frameworks */,
			);
			runOnlyForDeploymentPostprocessing = 0;
		};
		F917D06412004FAA2CDCEB46 /* Frameworks */ = {
			isa = PBXFrameworksBuildPhase;
			buildActionMask = 2147483647;
			files = (
				65C5300478257265174ECB34 /* AnghkooeyUI in Frameworks */,
			);
			runOnlyForDeploymentPostprocessing = 0;
		};
		FDDC6AE7EA9F2F67E5237851 /* Frameworks */ = {
			isa = PBXFrameworksBuildPhase;
			buildActionMask = 2147483647;
			files = (
				5DAF33FB9439E111699C5B6D /* AnghkooeyCore in Frameworks */,
			);
			runOnlyForDeploymentPostprocessing = 0;
		};
/* End PBXFrameworksBuildPhase section */

/* Begin PBXGroup section */
		16D3A861B07EFD2F644BF73B /* Packages */ = {
			isa = PBXGroup;
			children = (
				071F54EC6FF668936C218728 /* AnghkooeyCore */,
				039A95E01BFF83BC28BA6F22 /* AnghkooeyIntelligence */,
				83CE7E31BDF48A8B35196DB6 /* AnghkooeyUI */,
			);
			name = Packages;
			sourceTree = "<group>";
		};
		17BE507D2139FC8C94322A60 /* Fixtures */ = {
			isa = PBXGroup;
			children = (
				1984AFE61E092F2A64C6836E /* sample.apkg */,
			);
			path = Fixtures;
			sourceTree = "<group>";
		};
		314911AE872155B4BC9640C8 /* Anghkooey */ = {
			isa = PBXGroup;
			children = (
				A35276B7D331FB0334E9C818 /* Anghkooey.entitlements */,
				6303924A04882FA4C900557B /* AnghkooeyApp.swift */,
				55F0F922386EE72B02D5FC3F /* AppState.swift */,
				9B639EF8A56B01C269368504 /* Assets.xcassets */,
				7E8F3B74ABF8A6FBD7019DB2 /* CardReviewSheet.swift */,
				80E3ED969F4ECE89B0A25E87 /* ContentView.swift */,
				5BC74FCA67847F9D7EE391AA /* FreezeController.swift */,
				38C6ACE64A8A251828C7F175 /* Info.plist */,
				DC86FF464394DC7B8C2BA50D /* MetricsReceiver.swift */,
				473B3A4650CFC7C87202D922 /* SettingsView.swift */,
				2542710C06ECE7EB817FF4F8 /* SyncPreference.swift */,
				05AE6CEC6D1FBAFFB4F9F656 /* WidgetGradeReconciler.swift */,
				F699C42103F2BC786D197A19 /* Clipboard */,
				6E8482196AA783E060A44A5F /* Intents */,
				F16B98230672A2B3B34EA93B /* SampleDeck */,
				AA000001000000000000AA01 /* PrivacyInfo.xcprivacy */,
			);
			path = Anghkooey;
			sourceTree = "<group>";
		};
		6E8482196AA783E060A44A5F /* Intents */ = {
			isa = PBXGroup;
			children = (
				C92BD2E303E0D0DE839C3B7E /* AddToAnghkooeyIntent.swift */,
				68C7356437F150F3733DF0DD /* AnghkooeyShortcuts.swift */,
			);
			path = Intents;
			sourceTree = "<group>";
		};
		772CA5EFF1AF47C0CF8ADC88 /* Products */ = {
			isa = PBXGroup;
			children = (
				EA63E5FA330602579BBE4E25 /* Anghkooey.app */,
				0A037B8F43852214FC842CDF /* AnghkooeyShare.appex */,
				03D1365FE0607DDE7DDF97F8 /* AnghkooeyTests.xctest */,
				5F576AE7AD31EBF6528DAC56 /* AnghkooeyWidget.appex */,
			);
			name = Products;
			sourceTree = "<group>";
		};
		7B0A27900734474C82DB9EE2 = {
			isa = PBXGroup;
			children = (
				314911AE872155B4BC9640C8 /* Anghkooey */,
				D64DD303F0A57D93C31498AD /* AnghkooeyShare */,
				ECEC8715C7BB56CD7BC08C95 /* AnghkooeyTests */,
				D041DCAC21E7E04BD0159945 /* AnghkooeyWidget */,
				16D3A861B07EFD2F644BF73B /* Packages */,
				772CA5EFF1AF47C0CF8ADC88 /* Products */,
			);
			sourceTree = "<group>";
		};
		D041DCAC21E7E04BD0159945 /* AnghkooeyWidget */ = {
			isa = PBXGroup;
			children = (
				1CD36BC6DD0A3A1B128803A5 /* AnghkooeyWidget-Info.plist */,
				098D0C5450147DE402DC643A /* AnghkooeyWidget.entitlements */,
				2343F02E0386139B64E683EC /* AnghkooeyWidgetBundle.swift */,
				58DC8A89BB756CFDD147D74E /* GradeCardIntent.swift */,
				702F9E7DF6D3A5F7A39669E3 /* RevealAnswerIntent.swift */,
				AA000001000000000000AA03 /* PrivacyInfo.xcprivacy */,
			);
			path = AnghkooeyWidget;
			sourceTree = "<group>";
		};
		D64DD303F0A57D93C31498AD /* AnghkooeyShare */ = {
			isa = PBXGroup;
			children = (
				712E1AED1C075F0AAC8CF0CA /* AnghkooeyShare-Info.plist */,
				718E27D7320553CBB6BCA62A /* AnghkooeyShare.entitlements */,
				5A6AE21F57389F2FA533F696 /* ShareViewController.swift */,
				AA000001000000000000AA02 /* PrivacyInfo.xcprivacy */,
			);
			path = AnghkooeyShare;
			sourceTree = "<group>";
		};
		ECEC8715C7BB56CD7BC08C95 /* AnghkooeyTests */ = {
			isa = PBXGroup;
			children = (
				912B355EF6B2C114C9EC763F /* AddToAnghkooeyIntentTests.swift */,
				2AD794AD57F5F37BC67AAB49 /* AnkiImporterTests.swift */,
				9649E9840BC5BA0D460B7FAA /* AnkiNoteMapperTests.swift */,
				C32F9A6C7C0C292DE3ED8B1C /* AnkiPackageParserTests.swift */,
				E0230E7868C5AFE5CB3D8E4D /* AppStateAcceptDraftOrderingTests.swift */,
				F0DDC8B39008FDCA90A927FF /* AppStateAcceptDraftReentrancyTests.swift */,
				A29C77305009D977257A4E20 /* AppStateDrainFailureTests.swift */,
				22470C888EF39AFFE55D4704 /* AppStateDrainReentrancyTests.swift */,
				DC510E7B9D8F52E50E4CCED4 /* AppStateEnqueueTests.swift */,
				39CCA16F4B517A6BB52C02BA /* AppStateSchedulerResolutionTests.swift */,
				DD989AFACC372F9FA57EA7CD /* CaptureAvailabilityModelTests.swift */,
				AF967AABBA8A21CF6FB14323 /* CardEditorViewModelTests.swift */,
				FBC479484E0ACC6EC3640D8E /* CardStoreClozeTests.swift */,
				E20946A67B7AE6E86392427A /* CardStoreImportTests.swift */,
				6C67C61252A7F1C1BA1A218C /* CardStoreOptimizationLogsTests.swift */,
				A052FDB039D5DFD8BACF02A7 /* ClipboardCaptureCoordinatorTests.swift */,
				5B5DEC5926D8513370FD52E5 /* CloudKitV5SchemaTests.swift */,
				B0CC79B996E9B8B2CF2DFC0D /* ClozeAuthoringServiceTests.swift */,
				B4CBB6D0B458BB4BDC4157BC /* ClozeAuthoringViewModelTests.swift */,
				10541EABA7F5E2AF4A8A0343 /* ClozeMarkupParserTests.swift */,
				BAD05419FDB54EF847E4F217 /* FreezeControllerTests.swift */,
				A4CD4A2A610E1C7AE3424E2A /* GradeReconciliationTests.swift */,
				EDF6E399E89202CEDB2D18F8 /* HTMLSanitizerTests.swift */,
				6170637242A7E485A643F715 /* MetricsReceiverTests.swift */,
				A7824101312322569BB97A90 /* OnboardingStateTests.swift */,
				EE55FD389C55FB68C24AD481 /* OptimizeScheduleViewModelTests.swift */,
				DFF0371E042B2726F73268FF /* ReviewSessionMnemonicTests.swift */,
				098929DFADC2F309404636D8 /* ReviewSummaryTests.swift */,
				8C501104D1E6F49E2BFB6FE8 /* ReviewTapLatencyTests.swift */,
				EC6349552502A3CC38E013D2 /* SampleDeckLoaderTests.swift */,
				DDAD0965A49F13A5EF35F4A5 /* SchemaMigrationV4Tests.swift */,
				3444A07A3C879498B6BFA02D /* SchemaMigrationV5Tests.swift */,
				17BE507D2139FC8C94322A60 /* Fixtures */,
			);
			path = AnghkooeyTests;
			sourceTree = "<group>";
		};
		F16B98230672A2B3B34EA93B /* SampleDeck */ = {
			isa = PBXGroup;
			children = (
				94ECF49B9F9606DF76117048 /* SampleDeck.json */,
				241E47E7AFE127CC9C25C010 /* SampleDeckLoader.swift */,
			);
			path = SampleDeck;
			sourceTree = "<group>";
		};
		F699C42103F2BC786D197A19 /* Clipboard */ = {
			isa = PBXGroup;
			children = (
				BA7D84144C067F4521BC0B97 /* ClipboardBanner.swift */,
				5ED5054838A0E774E245236E /* ClipboardCaptureCoordinator.swift */,
			);
			path = Clipboard;
			sourceTree = "<group>";
		};
/* End PBXGroup section */

/* Begin PBXNativeTarget section */
		02F92088487C152845F92C84 /* Anghkooey */ = {
			isa = PBXNativeTarget;
			buildConfigurationList = 67CA97998EAF96096A215C7E /* Build configuration list for PBXNativeTarget "Anghkooey" */;
			buildPhases = (
				86F48F1F9CC0C93AC8355A3A /* Sources */,
				8E63D65643182254F48E66E5 /* Resources */,
				F917D06412004FAA2CDCEB46 /* Frameworks */,
				C101D8F13C1F879865AD4379 /* Embed Foundation Extensions */,
			);
			buildRules = (
			);
			dependencies = (
				ACB84F2DA5F3F07C7A35A296 /* PBXTargetDependency */,
				B421D46FAD71C89903028D34 /* PBXTargetDependency */,
			);
			name = Anghkooey;
			packageProductDependencies = (
				35F7FD1699C5DB4B94EEF7ED /* AnghkooeyUI */,
			);
			productName = Anghkooey;
			productReference = EA63E5FA330602579BBE4E25 /* Anghkooey.app */;
			productType = "com.apple.product-type.application";
		};
		5590F6898AB2844890005CC7 /* AnghkooeyWidget */ = {
			isa = PBXNativeTarget;
			buildConfigurationList = 4A9D7227AEBE21B9A7D1499D /* Build configuration list for PBXNativeTarget "AnghkooeyWidget" */;
			buildPhases = (
				A5916AC2634611C961D45B6E /* Sources */,
				FDDC6AE7EA9F2F67E5237851 /* Frameworks */,
			
				AA000001000000000000CC03 /* Resources */,
			);
			buildRules = (
			);
			dependencies = (
			);
			name = AnghkooeyWidget;
			packageProductDependencies = (
				DE9B9BE76EB0B805AB5D80E9 /* AnghkooeyCore */,
			);
			productName = AnghkooeyWidget;
			productReference = 5F576AE7AD31EBF6528DAC56 /* AnghkooeyWidget.appex */;
			productType = "com.apple.product-type.app-extension";
		};
		7F720F6F21CF5127D7884289 /* AnghkooeyShare */ = {
			isa = PBXNativeTarget;
			buildConfigurationList = 14CE601DF7EC1B9392209659 /* Build configuration list for PBXNativeTarget "AnghkooeyShare" */;
			buildPhases = (
				AE8C7FE4FFFAB2EF0393B4DC /* Sources */,
				ECD9F8F6385B28F86CD116B5 /* Frameworks */,
			
				AA000001000000000000CC02 /* Resources */,
			);
			buildRules = (
			);
			dependencies = (
			);
			name = AnghkooeyShare;
			packageProductDependencies = (
				6050CC9AE2B0A888BBACD0E2 /* AnghkooeyCore */,
			);
			productName = AnghkooeyShare;
			productReference = 0A037B8F43852214FC842CDF /* AnghkooeyShare.appex */;
			productType = "com.apple.product-type.app-extension";
		};
		C633685C3DE84BD0C1A8C9F8 /* AnghkooeyTests */ = {
			isa = PBXNativeTarget;
			buildConfigurationList = 45D044BB25B492A18CCFA90E /* Build configuration list for PBXNativeTarget "AnghkooeyTests" */;
			buildPhases = (
				9D770B56DDA5DAA296840A11 /* Sources */,
				EB8A11E0D0AE56D311485B46 /* Resources */,
			);
			buildRules = (
			);
			dependencies = (
				54E9A725DFFB71C7A3159CC5 /* PBXTargetDependency */,
			);
			name = AnghkooeyTests;
			packageProductDependencies = (
			);
			productName = AnghkooeyTests;
			productReference = 03D1365FE0607DDE7DDF97F8 /* AnghkooeyTests.xctest */;
			productType = "com.apple.product-type.bundle.unit-test";
		};
/* End PBXNativeTarget section */

/* Begin PBXProject section */
		94D568656132B33BBE87E20A /* Project object */ = {
			isa = PBXProject;
			attributes = {
				BuildIndependentTargetsInParallel = YES;
				LastUpgradeCheck = 1430;
				TargetAttributes = {
					02F92088487C152845F92C84 = {
						ProvisioningStyle = Manual;
					};
					5590F6898AB2844890005CC7 = {
						ProvisioningStyle = Manual;
					};
					7F720F6F21CF5127D7884289 = {
						ProvisioningStyle = Manual;
					};
					C633685C3DE84BD0C1A8C9F8 = {
						ProvisioningStyle = Manual;
					};
				};
			};
			buildConfigurationList = 115E7690D5EA716E70B14EF0 /* Build configuration list for PBXProject "Anghkooey" */;
			developmentRegion = en;
			hasScannedForEncodings = 0;
			knownRegions = (
				Base,
				en,
			);
			mainGroup = 7B0A27900734474C82DB9EE2;
			minimizedProjectReferenceProxies = 1;
			packageReferences = (
				AC0176BD46B94200BE7F8FD8 /* XCLocalSwiftPackageReference "../Packages/AnghkooeyCore" */,
				855497277983DEBA7676E36C /* XCLocalSwiftPackageReference "../Packages/AnghkooeyIntelligence" */,
				54CE233A161E231738B6F5EF /* XCLocalSwiftPackageReference "../Packages/AnghkooeyUI" */,
			);
			preferredProjectObjectVersion = 77;
			productRefGroup = 772CA5EFF1AF47C0CF8ADC88 /* Products */;
			projectDirPath = "";
			projectRoot = "";
			targets = (
				02F92088487C152845F92C84 /* Anghkooey */,
				7F720F6F21CF5127D7884289 /* AnghkooeyShare */,
				5590F6898AB2844890005CC7 /* AnghkooeyWidget */,
				C633685C3DE84BD0C1A8C9F8 /* AnghkooeyTests */,
			);
		};
/* End PBXProject section */

/* Begin PBXResourcesBuildPhase section */
		AA000001000000000000CC03 /* Resources */ = {
			isa = PBXResourcesBuildPhase;
			buildActionMask = 2147483647;
			files = (
				AA000001000000000000BB03 /* PrivacyInfo.xcprivacy in Resources */,
			);
			runOnlyForDeploymentPostprocessing = 0;
		};
		AA000001000000000000CC02 /* Resources */ = {
			isa = PBXResourcesBuildPhase;
			buildActionMask = 2147483647;
			files = (
				AA000001000000000000BB02 /* PrivacyInfo.xcprivacy in Resources */,
			);
			runOnlyForDeploymentPostprocessing = 0;
		};
		8E63D65643182254F48E66E5 /* Resources */ = {
			isa = PBXResourcesBuildPhase;
			buildActionMask = 2147483647;
			files = (
				78E69706CA93AED6A66F5C13 /* Assets.xcassets in Resources */,
				F0E87B0A2F24884D3B34774F /* SampleDeck.json in Resources */,
			
				AA000001000000000000BB01 /* PrivacyInfo.xcprivacy in Resources */,
			);
			runOnlyForDeploymentPostprocessing = 0;
		};
		EB8A11E0D0AE56D311485B46 /* Resources */ = {
			isa = PBXResourcesBuildPhase;
			buildActionMask = 2147483647;
			files = (
				ABB53006BD7A54F597BA4FAE /* sample.apkg in Resources */,
			);
			runOnlyForDeploymentPostprocessing = 0;
		};
/* End PBXResourcesBuildPhase section */

/* Begin PBXSourcesBuildPhase section */
		86F48F1F9CC0C93AC8355A3A /* Sources */ = {
			isa = PBXSourcesBuildPhase;
			buildActionMask = 2147483647;
			files = (
				8047F56DEDEDE4CC45B33655 /* AddToAnghkooeyIntent.swift in Sources */,
				46A0E6A0C20AE8578112E927 /* AnghkooeyApp.swift in Sources */,
				FC26B2EE4475B376727E2BE2 /* AnghkooeyShortcuts.swift in Sources */,
				D6002CEE061540D958B46B78 /* AppState.swift in Sources */,
				3C69A02A96CDAEB8DFFB0534 /* CardReviewSheet.swift in Sources */,
				DEEF868DF6F4C88CCE3C7571 /* ClipboardBanner.swift in Sources */,
				F0E1C867C58E5B0E8205FA7F /* ClipboardCaptureCoordinator.swift in Sources */,
				BD158D82F31B74D299DF85F8 /* ContentView.swift in Sources */,
				D4C6DC87B925B0639F76684A /* FreezeController.swift in Sources */,
				23EB4719C6CDE2DF3A10FDB7 /* MetricsReceiver.swift in Sources */,
				9929F859D0205BD04EFE66EE /* SampleDeckLoader.swift in Sources */,
				D3617197E24653996EEF5832 /* SettingsView.swift in Sources */,
				14E38B10D19724BE8F36280F /* SyncPreference.swift in Sources */,
				93480E87954897996FA51298 /* WidgetGradeReconciler.swift in Sources */,
			);
			runOnlyForDeploymentPostprocessing = 0;
		};
		9D770B56DDA5DAA296840A11 /* Sources */ = {
			isa = PBXSourcesBuildPhase;
			buildActionMask = 2147483647;
			files = (
				9E7D95BB2127525A1D3BD776 /* AddToAnghkooeyIntentTests.swift in Sources */,
				A1161DD57B95A46494E6EEFA /* AnkiImporterTests.swift in Sources */,
				C6CE3B6A74FF27E6CCA0C154 /* AnkiNoteMapperTests.swift in Sources */,
				AE10CC0370F7C76BD262A2C7 /* AnkiPackageParserTests.swift in Sources */,
				D2FD61D83BB17F47EEFAB1CA /* AppStateAcceptDraftOrderingTests.swift in Sources */,
				534957707953452019E7B473 /* AppStateAcceptDraftReentrancyTests.swift in Sources */,
				AB63CCDA634F0E31C168A19F /* AppStateDrainFailureTests.swift in Sources */,
				B71A844C40D8B76ECB73A314 /* AppStateDrainReentrancyTests.swift in Sources */,
				EA01604E660F4F05E86D4778 /* AppStateEnqueueTests.swift in Sources */,
				6F80EBA5F85241C073340591 /* AppStateSchedulerResolutionTests.swift in Sources */,
				8511152EC0636AF534E6B001 /* CaptureAvailabilityModelTests.swift in Sources */,
				F88D6E0D28AF1F5D1AE54C09 /* CardEditorViewModelTests.swift in Sources */,
				426F8924560522E6031726D1 /* CardStoreClozeTests.swift in Sources */,
				79C6AA877BE2A5BCD1BC8E7B /* CardStoreImportTests.swift in Sources */,
				EADEF92E162B7F8F3E6DAB3E /* CardStoreOptimizationLogsTests.swift in Sources */,
				FCB6CFEC88A0183CD60308F3 /* ClipboardCaptureCoordinatorTests.swift in Sources */,
				582792F95044259D37BC944E /* CloudKitV5SchemaTests.swift in Sources */,
				F0B8CFE921BE7F3C4C57296E /* ClozeAuthoringServiceTests.swift in Sources */,
				DB48AB8C3856896254B95C8D /* ClozeAuthoringViewModelTests.swift in Sources */,
				CF23B824F937A853DF4C5C24 /* ClozeMarkupParserTests.swift in Sources */,
				1C5681F0A24B3964F71E900E /* FreezeControllerTests.swift in Sources */,
				D65B97A8CF3D2E004B70EA7B /* GradeReconciliationTests.swift in Sources */,
				D1F38339D375EA3DC2616DAF /* HTMLSanitizerTests.swift in Sources */,
				258EF0D8985B6D4FF200A34B /* MetricsReceiverTests.swift in Sources */,
				96D8AC0388731C94B07D0E6C /* OnboardingStateTests.swift in Sources */,
				46CF96E3D6C8E753CC8709E7 /* OptimizeScheduleViewModelTests.swift in Sources */,
				838F434C0E47994FB38A3774 /* ReviewSessionMnemonicTests.swift in Sources */,
				30F70F1868CFA5B3723D6D5D /* ReviewSummaryTests.swift in Sources */,
				4931BB4B44A1D49822A5597C /* ReviewTapLatencyTests.swift in Sources */,
				FDF325F944338D0740DF00A4 /* SampleDeckLoaderTests.swift in Sources */,
				1AF0E3AEA54D4E9C01AFAA11 /* SchemaMigrationV4Tests.swift in Sources */,
				C6E53CFF60B17F8A49163A0C /* SchemaMigrationV5Tests.swift in Sources */,
			);
			runOnlyForDeploymentPostprocessing = 0;
		};
		A5916AC2634611C961D45B6E /* Sources */ = {
			isa = PBXSourcesBuildPhase;
			buildActionMask = 2147483647;
			files = (
				271C36775D979860DD5D761D /* AnghkooeyWidgetBundle.swift in Sources */,
				A05524AC1F7FA8D8F1C2D24D /* GradeCardIntent.swift in Sources */,
				AC1CC218B942A34870454134 /* RevealAnswerIntent.swift in Sources */,
			);
			runOnlyForDeploymentPostprocessing = 0;
		};
		AE8C7FE4FFFAB2EF0393B4DC /* Sources */ = {
			isa = PBXSourcesBuildPhase;
			buildActionMask = 2147483647;
			files = (
				AE2B092616BDC257E899D84C /* ShareViewController.swift in Sources */,
			);
			runOnlyForDeploymentPostprocessing = 0;
		};
/* End PBXSourcesBuildPhase section */

/* Begin PBXTargetDependency section */
		54E9A725DFFB71C7A3159CC5 /* PBXTargetDependency */ = {
			isa = PBXTargetDependency;
			target = 02F92088487C152845F92C84 /* Anghkooey */;
			targetProxy = CE07B3EF80BBE3C83EA929A5 /* PBXContainerItemProxy */;
		};
		ACB84F2DA5F3F07C7A35A296 /* PBXTargetDependency */ = {
			isa = PBXTargetDependency;
			target = 7F720F6F21CF5127D7884289 /* AnghkooeyShare */;
			targetProxy = 5E4306B26091E4AF36AF970E /* PBXContainerItemProxy */;
		};
		B421D46FAD71C89903028D34 /* PBXTargetDependency */ = {
			isa = PBXTargetDependency;
			target = 5590F6898AB2844890005CC7 /* AnghkooeyWidget */;
			targetProxy = E3E9CAC090465783BA7AEF05 /* PBXContainerItemProxy */;
		};
/* End PBXTargetDependency section */

/* Begin XCBuildConfiguration section */
		1014D4621B5D4CF58BC0802F /* Release */ = {
			isa = XCBuildConfiguration;
			buildSettings = {
				ASSETCATALOG_COMPILER_APPICON_NAME = AppIcon;
				ASSETCATALOG_COMPILER_GLOBAL_ACCENT_COLOR_NAME = AccentColor;
				CODE_SIGN_ENTITLEMENTS = Anghkooey/Anghkooey.entitlements;
				CODE_SIGN_IDENTITY = "-";
				CODE_SIGN_STYLE = Manual;
				CURRENT_PROJECT_VERSION = 1;
				INFOPLIST_FILE = Anghkooey/Info.plist;
				IPHONEOS_DEPLOYMENT_TARGET = 26.0;
				LD_RUNPATH_SEARCH_PATHS = (
					"$(inherited)",
					"@executable_path/Frameworks",
				);
				MARKETING_VERSION = 1.0;
				PRODUCT_BUNDLE_IDENTIFIER = com.mitsheth.anghkooey;
				SDKROOT = iphoneos;
				SWIFT_STRICT_CONCURRENCY = complete;
				SWIFT_VERSION = 6.0;
				TARGETED_DEVICE_FAMILY = "1,2";
			};
			name = Release;
		};
		937ADE21CFBFCBFE109F4736 /* Release */ = {
			isa = XCBuildConfiguration;
			buildSettings = {
				BUNDLE_LOADER = "$(TEST_HOST)";
				CODE_SIGN_IDENTITY = "-";
				CODE_SIGN_STYLE = Manual;
				GENERATE_INFOPLIST_FILE = YES;
				IPHONEOS_DEPLOYMENT_TARGET = 26.0;
				LD_RUNPATH_SEARCH_PATHS = (
					"$(inherited)",
					"@executable_path/Frameworks",
					"@loader_path/Frameworks",
				);
				PRODUCT_BUNDLE_IDENTIFIER = com.mitsheth.anghkooey.tests;
				SDKROOT = iphoneos;
				SWIFT_STRICT_CONCURRENCY = complete;
				SWIFT_VERSION = 6.0;
				TARGETED_DEVICE_FAMILY = "1,2";
				TEST_HOST = "$(BUILT_PRODUCTS_DIR)/Anghkooey.app/Anghkooey";
			};
			name = Release;
		};
		9B3FA030679A553E50BAB576 /* Release */ = {
			isa = XCBuildConfiguration;
			buildSettings = {
				ALWAYS_SEARCH_USER_PATHS = NO;
				CLANG_ANALYZER_NONNULL = YES;
				CLANG_ANALYZER_NUMBER_OBJECT_CONVERSION = YES_AGGRESSIVE;
				CLANG_CXX_LANGUAGE_STANDARD = "gnu++14";
				CLANG_CXX_LIBRARY = "libc++";
				CLANG_ENABLE_MODULES = YES;
				CLANG_ENABLE_OBJC_ARC = YES;
				CLANG_ENABLE_OBJC_WEAK = YES;
				CLANG_WARN_BLOCK_CAPTURE_AUTORELEASING = YES;
				CLANG_WARN_BOOL_CONVERSION = YES;
				CLANG_WARN_COMMA = YES;
				CLANG_WARN_CONSTANT_CONVERSION = YES;
				CLANG_WARN_DEPRECATED_OBJC_IMPLEMENTATIONS = YES;
				CLANG_WARN_DIRECT_OBJC_ISA_USAGE = YES_ERROR;
				CLANG_WARN_DOCUMENTATION_COMMENTS = YES;
				CLANG_WARN_EMPTY_BODY = YES;
				CLANG_WARN_ENUM_CONVERSION = YES;
				CLANG_WARN_INFINITE_RECURSION = YES;
				CLANG_WARN_INT_CONVERSION = YES;
				CLANG_WARN_NON_LITERAL_NULL_CONVERSION = YES;
				CLANG_WARN_OBJC_IMPLICIT_RETAIN_SELF = YES;
				CLANG_WARN_OBJC_LITERAL_CONVERSION = YES;
				CLANG_WARN_OBJC_ROOT_CLASS = YES_ERROR;
				CLANG_WARN_QUOTED_INCLUDE_IN_FRAMEWORK_HEADER = YES;
				CLANG_WARN_RANGE_LOOP_ANALYSIS = YES;
				CLANG_WARN_STRICT_PROTOTYPES = YES;
				CLANG_WARN_SUSPICIOUS_MOVE = YES;
				CLANG_WARN_UNGUARDED_AVAILABILITY = YES_AGGRESSIVE;
				CLANG_WARN_UNREACHABLE_CODE = YES;
				CLANG_WARN__DUPLICATE_METHOD_MATCH = YES;
				COPY_PHASE_STRIP = NO;
				DEBUG_INFORMATION_FORMAT = "dwarf-with-dsym";
				ENABLE_NS_ASSERTIONS = NO;
				ENABLE_STRICT_OBJC_MSGSEND = YES;
				GCC_C_LANGUAGE_STANDARD = gnu11;
				GCC_NO_COMMON_BLOCKS = YES;
				GCC_WARN_64_TO_32_BIT_CONVERSION = YES;
				GCC_WARN_ABOUT_RETURN_TYPE = YES_ERROR;
				GCC_WARN_UNDECLARED_SELECTOR = YES;
				GCC_WARN_UNINITIALIZED_AUTOS = YES_AGGRESSIVE;
				GCC_WARN_UNUSED_FUNCTION = YES;
				GCC_WARN_UNUSED_VARIABLE = YES;
				IPHONEOS_DEPLOYMENT_TARGET = 26.0;
				MTL_ENABLE_DEBUG_INFO = NO;
				MTL_FAST_MATH = YES;
				PRODUCT_NAME = "$(TARGET_NAME)";
				SDKROOT = iphoneos;
				SWIFT_COMPILATION_MODE = wholemodule;
				SWIFT_OPTIMIZATION_LEVEL = "-O";
				SWIFT_STRICT_CONCURRENCY = complete;
				SWIFT_VERSION = 6.0;
			};
			name = Release;
		};
		B92B3646CA1FACC0A6BD6BB6 /* Debug */ = {
			isa = XCBuildConfiguration;
			buildSettings = {
				BUNDLE_LOADER = "$(TEST_HOST)";
				CODE_SIGN_IDENTITY = "-";
				CODE_SIGN_STYLE = Manual;
				GENERATE_INFOPLIST_FILE = YES;
				IPHONEOS_DEPLOYMENT_TARGET = 26.0;
				LD_RUNPATH_SEARCH_PATHS = (
					"$(inherited)",
					"@executable_path/Frameworks",
					"@loader_path/Frameworks",
				);
				PRODUCT_BUNDLE_IDENTIFIER = com.mitsheth.anghkooey.tests;
				SDKROOT = iphoneos;
				SWIFT_STRICT_CONCURRENCY = complete;
				SWIFT_VERSION = 6.0;
				TARGETED_DEVICE_FAMILY = "1,2";
				TEST_HOST = "$(BUILT_PRODUCTS_DIR)/Anghkooey.app/Anghkooey";
			};
			name = Debug;
		};
		BA5D7AD3A68E119A76CC33C3 /* Debug */ = {
			isa = XCBuildConfiguration;
			buildSettings = {
				CODE_SIGN_ENTITLEMENTS = AnghkooeyShare/AnghkooeyShare.entitlements;
				CODE_SIGN_IDENTITY = "-";
				CODE_SIGN_STYLE = Manual;
				GENERATE_INFOPLIST_FILE = NO;
				INFOPLIST_FILE = "AnghkooeyShare/AnghkooeyShare-Info.plist";
				IPHONEOS_DEPLOYMENT_TARGET = 26.0;
				LD_RUNPATH_SEARCH_PATHS = (
					"$(inherited)",
					"@executable_path/Frameworks",
					"@executable_path/../../Frameworks",
				);
				PRODUCT_BUNDLE_IDENTIFIER = com.mitsheth.anghkooey.share;
				SDKROOT = iphoneos;
				SWIFT_STRICT_CONCURRENCY = complete;
				SWIFT_VERSION = 6.0;
				TARGETED_DEVICE_FAMILY = "1,2";
			};
			name = Debug;
		};
		BFB8A757FAA63EA38E0F9FDC /* Debug */ = {
			isa = XCBuildConfiguration;
			buildSettings = {
				CODE_SIGN_ENTITLEMENTS = AnghkooeyWidget/AnghkooeyWidget.entitlements;
				CODE_SIGN_IDENTITY = "-";
				CODE_SIGN_STYLE = Manual;
				GENERATE_INFOPLIST_FILE = NO;
				INFOPLIST_FILE = "AnghkooeyWidget/AnghkooeyWidget-Info.plist";
				IPHONEOS_DEPLOYMENT_TARGET = 26.0;
				LD_RUNPATH_SEARCH_PATHS = (
					"$(inherited)",
					"@executable_path/Frameworks",
					"@executable_path/../../Frameworks",
				);
				PRODUCT_BUNDLE_IDENTIFIER = com.mitsheth.anghkooey.widget;
				SDKROOT = iphoneos;
				SWIFT_STRICT_CONCURRENCY = complete;
				SWIFT_VERSION = 6.0;
				TARGETED_DEVICE_FAMILY = "1,2";
			};
			name = Debug;
		};
		D139D74A91A0FE8CA094F1B8 /* Release */ = {
			isa = XCBuildConfiguration;
			buildSettings = {
				CODE_SIGN_ENTITLEMENTS = AnghkooeyWidget/AnghkooeyWidget.entitlements;
				CODE_SIGN_IDENTITY = "-";
				CODE_SIGN_STYLE = Manual;
				GENERATE_INFOPLIST_FILE = NO;
				INFOPLIST_FILE = "AnghkooeyWidget/AnghkooeyWidget-Info.plist";
				IPHONEOS_DEPLOYMENT_TARGET = 26.0;
				LD_RUNPATH_SEARCH_PATHS = (
					"$(inherited)",
					"@executable_path/Frameworks",
					"@executable_path/../../Frameworks",
				);
				PRODUCT_BUNDLE_IDENTIFIER = com.mitsheth.anghkooey.widget;
				SDKROOT = iphoneos;
				SWIFT_STRICT_CONCURRENCY = complete;
				SWIFT_VERSION = 6.0;
				TARGETED_DEVICE_FAMILY = "1,2";
			};
			name = Release;
		};
		E1A5E8779837DACD60AF1656 /* Debug */ = {
			isa = XCBuildConfiguration;
			buildSettings = {
				ALWAYS_SEARCH_USER_PATHS = NO;
				CLANG_ANALYZER_NONNULL = YES;
				CLANG_ANALYZER_NUMBER_OBJECT_CONVERSION = YES_AGGRESSIVE;
				CLANG_CXX_LANGUAGE_STANDARD = "gnu++14";
				CLANG_CXX_LIBRARY = "libc++";
				CLANG_ENABLE_MODULES = YES;
				CLANG_ENABLE_OBJC_ARC = YES;
				CLANG_ENABLE_OBJC_WEAK = YES;
				CLANG_WARN_BLOCK_CAPTURE_AUTORELEASING = YES;
				CLANG_WARN_BOOL_CONVERSION = YES;
				CLANG_WARN_COMMA = YES;
				CLANG_WARN_CONSTANT_CONVERSION = YES;
				CLANG_WARN_DEPRECATED_OBJC_IMPLEMENTATIONS = YES;
				CLANG_WARN_DIRECT_OBJC_ISA_USAGE = YES_ERROR;
				CLANG_WARN_DOCUMENTATION_COMMENTS = YES;
				CLANG_WARN_EMPTY_BODY = YES;
				CLANG_WARN_ENUM_CONVERSION = YES;
				CLANG_WARN_INFINITE_RECURSION = YES;
				CLANG_WARN_INT_CONVERSION = YES;
				CLANG_WARN_NON_LITERAL_NULL_CONVERSION = YES;
				CLANG_WARN_OBJC_IMPLICIT_RETAIN_SELF = YES;
				CLANG_WARN_OBJC_LITERAL_CONVERSION = YES;
				CLANG_WARN_OBJC_ROOT_CLASS = YES_ERROR;
				CLANG_WARN_QUOTED_INCLUDE_IN_FRAMEWORK_HEADER = YES;
				CLANG_WARN_RANGE_LOOP_ANALYSIS = YES;
				CLANG_WARN_STRICT_PROTOTYPES = YES;
				CLANG_WARN_SUSPICIOUS_MOVE = YES;
				CLANG_WARN_UNGUARDED_AVAILABILITY = YES_AGGRESSIVE;
				CLANG_WARN_UNREACHABLE_CODE = YES;
				CLANG_WARN__DUPLICATE_METHOD_MATCH = YES;
				COPY_PHASE_STRIP = NO;
				DEBUG_INFORMATION_FORMAT = dwarf;
				ENABLE_STRICT_OBJC_MSGSEND = YES;
				ENABLE_TESTABILITY = YES;
				GCC_C_LANGUAGE_STANDARD = gnu11;
				GCC_DYNAMIC_NO_PIC = NO;
				GCC_NO_COMMON_BLOCKS = YES;
				GCC_OPTIMIZATION_LEVEL = 0;
				GCC_PREPROCESSOR_DEFINITIONS = (
					"$(inherited)",
					"DEBUG=1",
				);
				GCC_WARN_64_TO_32_BIT_CONVERSION = YES;
				GCC_WARN_ABOUT_RETURN_TYPE = YES_ERROR;
				GCC_WARN_UNDECLARED_SELECTOR = YES;
				GCC_WARN_UNINITIALIZED_AUTOS = YES_AGGRESSIVE;
				GCC_WARN_UNUSED_FUNCTION = YES;
				GCC_WARN_UNUSED_VARIABLE = YES;
				IPHONEOS_DEPLOYMENT_TARGET = 26.0;
				MTL_ENABLE_DEBUG_INFO = INCLUDE_SOURCE;
				MTL_FAST_MATH = YES;
				ONLY_ACTIVE_ARCH = YES;
				PRODUCT_NAME = "$(TARGET_NAME)";
				SDKROOT = iphoneos;
				SWIFT_ACTIVE_COMPILATION_CONDITIONS = DEBUG;
				SWIFT_OPTIMIZATION_LEVEL = "-Onone";
				SWIFT_STRICT_CONCURRENCY = complete;
				SWIFT_VERSION = 6.0;
			};
			name = Debug;
		};
		EFFCF10438621100984B943C /* Debug */ = {
			isa = XCBuildConfiguration;
			buildSettings = {
				ASSETCATALOG_COMPILER_APPICON_NAME = AppIcon;
				ASSETCATALOG_COMPILER_GLOBAL_ACCENT_COLOR_NAME = AccentColor;
				CODE_SIGN_ENTITLEMENTS = Anghkooey/Anghkooey.entitlements;
				CODE_SIGN_IDENTITY = "-";
				CODE_SIGN_STYLE = Manual;
				CURRENT_PROJECT_VERSION = 1;
				INFOPLIST_FILE = Anghkooey/Info.plist;
				IPHONEOS_DEPLOYMENT_TARGET = 26.0;
				LD_RUNPATH_SEARCH_PATHS = (
					"$(inherited)",
					"@executable_path/Frameworks",
				);
				MARKETING_VERSION = 1.0;
				PRODUCT_BUNDLE_IDENTIFIER = com.mitsheth.anghkooey;
				SDKROOT = iphoneos;
				SWIFT_STRICT_CONCURRENCY = complete;
				SWIFT_VERSION = 6.0;
				TARGETED_DEVICE_FAMILY = "1,2";
			};
			name = Debug;
		};
		F0E5FDD00EFC4F5862147941 /* Release */ = {
			isa = XCBuildConfiguration;
			buildSettings = {
				CODE_SIGN_ENTITLEMENTS = AnghkooeyShare/AnghkooeyShare.entitlements;
				CODE_SIGN_IDENTITY = "-";
				CODE_SIGN_STYLE = Manual;
				GENERATE_INFOPLIST_FILE = NO;
				INFOPLIST_FILE = "AnghkooeyShare/AnghkooeyShare-Info.plist";
				IPHONEOS_DEPLOYMENT_TARGET = 26.0;
				LD_RUNPATH_SEARCH_PATHS = (
					"$(inherited)",
					"@executable_path/Frameworks",
					"@executable_path/../../Frameworks",
				);
				PRODUCT_BUNDLE_IDENTIFIER = com.mitsheth.anghkooey.share;
				SDKROOT = iphoneos;
				SWIFT_STRICT_CONCURRENCY = complete;
				SWIFT_VERSION = 6.0;
				TARGETED_DEVICE_FAMILY = "1,2";
			};
			name = Release;
		};
/* End XCBuildConfiguration section */

/* Begin XCConfigurationList section */
		115E7690D5EA716E70B14EF0 /* Build configuration list for PBXProject "Anghkooey" */ = {
			isa = XCConfigurationList;
			buildConfigurations = (
				E1A5E8779837DACD60AF1656 /* Debug */,
				9B3FA030679A553E50BAB576 /* Release */,
			);
			defaultConfigurationIsVisible = 0;
			defaultConfigurationName = Debug;
		};
		14CE601DF7EC1B9392209659 /* Build configuration list for PBXNativeTarget "AnghkooeyShare" */ = {
			isa = XCConfigurationList;
			buildConfigurations = (
				BA5D7AD3A68E119A76CC33C3 /* Debug */,
				F0E5FDD00EFC4F5862147941 /* Release */,
			);
			defaultConfigurationIsVisible = 0;
			defaultConfigurationName = Debug;
		};
		45D044BB25B492A18CCFA90E /* Build configuration list for PBXNativeTarget "AnghkooeyTests" */ = {
			isa = XCConfigurationList;
			buildConfigurations = (
				B92B3646CA1FACC0A6BD6BB6 /* Debug */,
				937ADE21CFBFCBFE109F4736 /* Release */,
			);
			defaultConfigurationIsVisible = 0;
			defaultConfigurationName = Debug;
		};
		4A9D7227AEBE21B9A7D1499D /* Build configuration list for PBXNativeTarget "AnghkooeyWidget" */ = {
			isa = XCConfigurationList;
			buildConfigurations = (
				BFB8A757FAA63EA38E0F9FDC /* Debug */,
				D139D74A91A0FE8CA094F1B8 /* Release */,
			);
			defaultConfigurationIsVisible = 0;
			defaultConfigurationName = Debug;
		};
		67CA97998EAF96096A215C7E /* Build configuration list for PBXNativeTarget "Anghkooey" */ = {
			isa = XCConfigurationList;
			buildConfigurations = (
				EFFCF10438621100984B943C /* Debug */,
				1014D4621B5D4CF58BC0802F /* Release */,
			);
			defaultConfigurationIsVisible = 0;
			defaultConfigurationName = Debug;
		};
/* End XCConfigurationList section */

/* Begin XCLocalSwiftPackageReference section */
		54CE233A161E231738B6F5EF /* XCLocalSwiftPackageReference "../Packages/AnghkooeyUI" */ = {
			isa = XCLocalSwiftPackageReference;
			relativePath = ../Packages/AnghkooeyUI;
		};
		855497277983DEBA7676E36C /* XCLocalSwiftPackageReference "../Packages/AnghkooeyIntelligence" */ = {
			isa = XCLocalSwiftPackageReference;
			relativePath = ../Packages/AnghkooeyIntelligence;
		};
		AC0176BD46B94200BE7F8FD8 /* XCLocalSwiftPackageReference "../Packages/AnghkooeyCore" */ = {
			isa = XCLocalSwiftPackageReference;
			relativePath = ../Packages/AnghkooeyCore;
		};
/* End XCLocalSwiftPackageReference section */

/* Begin XCSwiftPackageProductDependency section */
		35F7FD1699C5DB4B94EEF7ED /* AnghkooeyUI */ = {
			isa = XCSwiftPackageProductDependency;
			productName = AnghkooeyUI;
		};
		6050CC9AE2B0A888BBACD0E2 /* AnghkooeyCore */ = {
			isa = XCSwiftPackageProductDependency;
			productName = AnghkooeyCore;
		};
		DE9B9BE76EB0B805AB5D80E9 /* AnghkooeyCore */ = {
			isa = XCSwiftPackageProductDependency;
			productName = AnghkooeyCore;
		};
/* End XCSwiftPackageProductDependency section */
	};
	rootObject = 94D568656132B33BBE87E20A /* Project object */;
}
